# This file is automatically @generated by Cargo.
# It is not intended for manual editing.
[[package]]
name = "cc"
version = "1.0.47"
source = "registry+https://github.com/rust-lang/crates.io-index"

[[package]]
name = "cmake"
version = "0.1.42"
source = "registry+https://github.com/rust-lang/crates.io-index"
dependencies = [
 "cc 1.0.47 (registry+https://github.com/rust-lang/crates.io-index)",
]

[[package]]
name = "optlevel-z-crt-static-issue"
version = "0.1.0"
dependencies = [
 "zeromq-src 0.1.8+4.3.2 (registry+https://github.com/rust-lang/crates.io-index)",
]

[[package]]
name = "zeromq-src"
version = "0.1.8+4.3.2"
source = "registry+https://github.com/rust-lang/crates.io-index"
dependencies = [
 "cmake 0.1.42 (registry+https://github.com/rust-lang/crates.io-index)",
]

[metadata]
"checksum cc 1.0.47 (registry+https://github.com/rust-lang/crates.io-index)" = "aa87058dce70a3ff5621797f1506cb837edd02ac4c0ae642b4542dce802908b8"
"checksum cmake 0.1.42 (registry+https://github.com/rust-lang/crates.io-index)" = "81fb25b677f8bf1eb325017cb6bb8452f87969db0fedb4f757b297bee78a7c62"
"checksum zeromq-src 0.1.8+4.3.2 (registry+https://github.com/rust-lang/crates.io-index)" = "4a1e9589782fca63e346d91e9c708dd4feaa69fbe3099b885b04a2fed7adc805"
